
Microsoft Visual Studio Solution File, Format Version 12.00
# Visual Studio Version 16
VisualStudioVersion = 16.0.30114.105
MinimumVisualStudioVersion = 10.0.40219.1
Project("{2150E333-8FDC-42A3-9474-1A3956D46DE8}") = "WaiterAvailability", "WaiterAvailability", "{5F2BAFD2-E81A-49EA-90DC-01ACA9415E51}"
EndProject
Project("{FAE04EC0-301F-11D3-BF4B-00C04F79EFBC}") = "WaiterFunctionality.Tests", "WaiterAvailability\WaiterFunctionality.Tests\WaiterFunctionality.Tests.csproj", "{B5BD9978-3CA0-4751-973A-32E7C622F690}"
EndProject
Project("{FAE04EC0-301F-11D3-BF4B-00C04F79EFBC}") = "WaiterFunctionality", "WaiterAvailability\WaiterFunctionality\WaiterFunctionality.csproj", "{5B353B15-FCF3-47ED-A7DE-E9A297EC081A}"
EndProject
Global
	GlobalSection(SolutionConfigurationPlatforms) = preSolution
		Debug|Any CPU = Debug|Any CPU
		Release|Any CPU = Release|Any CPU
	EndGlobalSection
	GlobalSection(SolutionProperties) = preSolution
		HideSolutionNode = FALSE
	EndGlobalSection
	GlobalSection(ProjectConfigurationPlatforms) = postSolution
		{B5BD9978-3CA0-4751-973A-32E7C622F690}.Debug|Any CPU.ActiveCfg = Debug|Any CPU
		{B5BD9978-3CA0-4751-973A-32E7C622F690}.Debug|Any CPU.Build.0 = Debug|Any CPU
		{B5BD9978-3CA0-4751-973A-32E7C622F690}.Release|Any CPU.ActiveCfg = Release|Any CPU
		{B5BD9978-3CA0-4751-973A-32E7C622F690}.Release|Any CPU.Build.0 = Release|Any CPU
		{5B353B15-FCF3-47ED-A7DE-E9A297EC081A}.Debug|Any CPU.ActiveCfg = Debug|Any CPU
		{5B353B15-FCF3-47ED-A7DE-E9A297EC081A}.Debug|Any CPU.Build.0 = Debug|Any CPU
		{5B353B15-FCF3-47ED-A7DE-E9A297EC081A}.Release|Any CPU.ActiveCfg = Release|Any CPU
		{5B353B15-FCF3-47ED-A7DE-E9A297EC081A}.Release|Any CPU.Build.0 = Release|Any CPU
	EndGlobalSection
	GlobalSection(NestedProjects) = preSolution
		{B5BD9978-3CA0-4751-973A-32E7C622F690} = {5F2BAFD2-E81A-49EA-90DC-01ACA9415E51}
		{5B353B15-FCF3-47ED-A7DE-E9A297EC081A} = {5F2BAFD2-E81A-49EA-90DC-01ACA9415E51}
	EndGlobalSection
EndGlobal
